
Microsoft Visual Studio Solution File, Format Version 12.00
# Visual Studio Version 17
VisualStudioVersion = 17.5.002.0
MinimumVisualStudioVersion = 10.0.40219.1
Project("{9A19103F-16F7-4668-BE54-9A1E7A4F7556}") = "ExemploPOO", "ExemploPOO.csproj", "{DF980149-4CA8-46FB-A480-2F3965884EEA}"
EndProject
Global
	GlobalSection(SolutionConfigurationPlatforms) = preSolution
		Debug|Any CPU = Debug|Any CPU
		Release|Any CPU = Release|Any CPU
	EndGlobalSection
	GlobalSection(ProjectConfigurationPlatforms) = postSolution
		{DF980149-4CA8-46FB-A480-2F3965884EEA}.Debug|Any CPU.ActiveCfg = Debug|Any CPU
		{DF980149-4CA8-46FB-A480-2F3965884EEA}.Debug|Any CPU.Build.0 = Debug|Any CPU
		{DF980149-4CA8-46FB-A480-2F3965884EEA}.Release|Any CPU.ActiveCfg = Release|Any CPU
		{DF980149-4CA8-46FB-A480-2F3965884EEA}.Release|Any CPU.Build.0 = Release|Any CPU
	EndGlobalSection
	GlobalSection(SolutionProperties) = preSolution
		HideSolutionNode = FALSE
	EndGlobalSection
	GlobalSection(ExtensibilityGlobals) = postSolution
		SolutionGuid = {A2F57997-01F8-4029-A95E-9F05E244A332}
	EndGlobalSection
EndGlobal
